// !$*UTF8*$!
{
	archiveVersion = 1;
	classes = {
	};
	objectVersion = 56;
	objects = {

/* Begin PBXBuildFile section */
		CDA5E1FA2C060842002F6510 /* LandmarksApp.swift in Sources */ = {isa = PBXBuildFile; fileRef = CDA5E1F92C060842002F6510 /* LandmarksApp.swift */; };
		CDA5E1FC2C060842002F6510 /* ContentView.swift in Sources */ = {isa = PBXBuildFile; fileRef = CDA5E1FB2C060842002F6510 /* ContentView.swift */; };
		CDA5E1FE2C060844002F6510 /* Assets.xcassets in Resources */ = {isa = PBXBuildFile; fileRef = CDA5E1FD2C060844002F6510 /* Assets.xcassets */; };
		CDA5E2012C060844002F6510 /* Preview Assets.xcassets in Resources */ = {isa = PBXBuildFile; fileRef = CDA5E2002C060844002F6510 /* Preview Assets.xcassets */; };
		CDA5E2082C060C56002F6510 /* CircleImage.swift in Sources */ = {isa = PBXBuildFile; fileRef = CDA5E2072C060C56002F6510 /* CircleImage.swift */; };
		CDA5E20A2C060D95002F6510 /* MapView.swift in Sources */ = {isa = PBXBuildFile; fileRef = CDA5E2092C060D95002F6510 /* MapView.swift */; };
		CDA5E20E2C0610F6002F6510 /* Landmark.swift in Sources */ = {isa = PBXBuildFile; fileRef = CDA5E20D2C0610F6002F6510 /* Landmark.swift */; };
		CDA5E2102C061112002F6510 /* landmarkData.json in Resources */ = {isa = PBXBuildFile; fileRef = CDA5E20F2C061112002F6510 /* landmarkData.json */; };
		CDA5E2122C061264002F6510 /* ModelData.swift in Sources */ = {isa = PBXBuildFile; fileRef = CDA5E2112C061264002F6510 /* ModelData.swift */; };
		CDA5E2172C06150F002F6510 /* LandmarkRow.swift in Sources */ = {isa = PBXBuildFile; fileRef = CDA5E2162C06150F002F6510 /* LandmarkRow.swift */; };
		CDA5E2192C061702002F6510 /* LandmarkList.swift in Sources */ = {isa = PBXBuildFile; fileRef = CDA5E2182C061702002F6510 /* LandmarkList.swift */; };
		CDA5E21B2C0617EB002F6510 /* LandmarkDetail.swift in Sources */ = {isa = PBXBuildFile; fileRef = CDA5E21A2C0617EB002F6510 /* LandmarkDetail.swift */; };
		CDA5E21D2C0627DD002F6510 /* FavoriteButton.swift in Sources */ = {isa = PBXBuildFile; fileRef = CDA5E21C2C0627DD002F6510 /* FavoriteButton.swift */; };
		CDA5E2212C062EA6002F6510 /* HexagonParameters.swift in Sources */ = {isa = PBXBuildFile; fileRef = CDA5E2202C062EA6002F6510 /* HexagonParameters.swift */; };
		CDA5E2242C063075002F6510 /* BadgeBackground.swift in Sources */ = {isa = PBXBuildFile; fileRef = CDA5E2232C063075002F6510 /* BadgeBackground.swift */; };
		CDC446AB2C07265000B39FFB /* BadgeSymbol.swift in Sources */ = {isa = PBXBuildFile; fileRef = CDC446AA2C07265000B39FFB /* BadgeSymbol.swift */; };
		CDC446AD2C07271200B39FFB /* RotatedBadgeSymbol.swift in Sources */ = {isa = PBXBuildFile; fileRef = CDC446AC2C07271200B39FFB /* RotatedBadgeSymbol.swift */; };
		CDC446AF2C07276900B39FFB /* Badge.swift in Sources */ = {isa = PBXBuildFile; fileRef = CDC446AE2C07276900B39FFB /* Badge.swift */; };
		CDC446B12C072AA700B39FFB /* hikeData.json in Resources */ = {isa = PBXBuildFile; fileRef = CDC446B02C072AA700B39FFB /* hikeData.json */; };
		CDC446B32C072AD700B39FFB /* Hike.swift in Sources */ = {isa = PBXBuildFile; fileRef = CDC446B22C072AD700B39FFB /* Hike.swift */; };
		CDC446B92C072B5B00B39FFB /* GraphCapsule.swift in Sources */ = {isa = PBXBuildFile; fileRef = CDC446B42C072B5B00B39FFB /* GraphCapsule.swift */; };
		CDC446BA2C072B5B00B39FFB /* HikeDetail.swift in Sources */ = {isa = PBXBuildFile; fileRef = CDC446B52C072B5B00B39FFB /* HikeDetail.swift */; };
		CDC446BB2C072B5B00B39FFB /* HikeGraph.swift in Sources */ = {isa = PBXBuildFile; fileRef = CDC446B62C072B5B00B39FFB /* HikeGraph.swift */; };
		CDC446BC2C072B5B00B39FFB /* HikeView.swift in Sources */ = {isa = PBXBuildFile; fileRef = CDC446B72C072B5B00B39FFB /* HikeView.swift */; };
/* End PBXBuildFile section */

/* Begin PBXFileReference section */
		CDA5E1F62C060842002F6510 /* Landmarks.app */ = {isa = PBXFileReference; explicitFileType = wrapper.application; includeInIndex = 0; path = Landmarks.app; sourceTree = BUILT_PRODUCTS_DIR; };
		CDA5E1F92C060842002F6510 /* LandmarksApp.swift */ = {isa = PBXFileReference; lastKnownFileType = sourcecode.swift; path = LandmarksApp.swift; sourceTree = "<group>"; };
		CDA5E1FB2C060842002F6510 /* ContentView.swift */ = {isa = PBXFileReference; lastKnownFileType = sourcecode.swift; path = ContentView.swift; sourceTree = "<group>"; };
		CDA5E1FD2C060844002F6510 /* Assets.xcassets */ = {isa = PBXFileReference; lastKnownFileType = folder.assetcatalog; path = Assets.xcassets; sourceTree = "<group>"; };
		CDA5E2002C060844002F6510 /* Preview Assets.xcassets */ = {isa = PBXFileReference; lastKnownFileType = folder.assetcatalog; path = "Preview Assets.xcassets"; sourceTree = "<group>"; };
		CDA5E2072C060C56002F6510 /* CircleImage.swift */ = {isa = PBXFileReference; lastKnownFileType = sourcecode.swift; path = CircleImage.swift; sourceTree = "<group>"; };
		CDA5E2092C060D95002F6510 /* MapView.swift */ = {isa = PBXFileReference; lastKnownFileType = sourcecode.swift; path = MapView.swift; sourceTree = "<group>"; };
		CDA5E20D2C0610F6002F6510 /* Landmark.swift */ = {isa = PBXFileReference; lastKnownFileType = sourcecode.swift; path = Landmark.swift; sourceTree = "<group>"; };
		CDA5E20F2C061112002F6510 /* landmarkData.json */ = {isa = PBXFileReference; fileEncoding = 4; lastKnownFileType = text.json; path = landmarkData.json; sourceTree = "<group>"; };
		CDA5E2112C061264002F6510 /* ModelData.swift */ = {isa = PBXFileReference; lastKnownFileType = sourcecode.swift; path = ModelData.swift; sourceTree = "<group>"; };
		CDA5E2162C06150F002F6510 /* LandmarkRow.swift */ = {isa = PBXFileReference; lastKnownFileType = sourcecode.swift; path = LandmarkRow.swift; sourceTree = "<group>"; };
		CDA5E2182C061702002F6510 /* LandmarkList.swift */ = {isa = PBXFileReference; lastKnownFileType = sourcecode.swift; path = LandmarkList.swift; sourceTree = "<group>"; };
		CDA5E21A2C0617EB002F6510 /* LandmarkDetail.swift */ = {isa = PBXFileReference; lastKnownFileType = sourcecode.swift; path = LandmarkDetail.swift; sourceTree = "<group>"; };
		CDA5E21C2C0627DD002F6510 /* FavoriteButton.swift */ = {isa = PBXFileReference; lastKnownFileType = sourcecode.swift; path = FavoriteButton.swift; sourceTree = "<group>"; };
		CDA5E2202C062EA6002F6510 /* HexagonParameters.swift */ = {isa = PBXFileReference; lastKnownFileType = sourcecode.swift; path = HexagonParameters.swift; sourceTree = "<group>"; };
		CDA5E2232C063075002F6510 /* BadgeBackground.swift */ = {isa = PBXFileReference; lastKnownFileType = sourcecode.swift; path = BadgeBackground.swift; sourceTree = "<group>"; };
		CDC446AA2C07265000B39FFB /* BadgeSymbol.swift */ = {isa = PBXFileReference; lastKnownFileType = sourcecode.swift; path = BadgeSymbol.swift; sourceTree = "<group>"; };
		CDC446AC2C07271200B39FFB /* RotatedBadgeSymbol.swift */ = {isa = PBXFileReference; lastKnownFileType = sourcecode.swift; path = RotatedBadgeSymbol.swift; sourceTree = "<group>"; };
		CDC446AE2C07276900B39FFB /* Badge.swift */ = {isa = PBXFileReference; lastKnownFileType = sourcecode.swift; path = Badge.swift; sourceTree = "<group>"; };
		CDC446B02C072AA700B39FFB /* hikeData.json */ = {isa = PBXFileReference; fileEncoding = 4; lastKnownFileType = text.json; path = hikeData.json; sourceTree = "<group>"; };
		CDC446B22C072AD700B39FFB /* Hike.swift */ = {isa = PBXFileReference; lastKnownFileType = sourcecode.swift; path = Hike.swift; sourceTree = "<group>"; };
		CDC446B42C072B5B00B39FFB /* GraphCapsule.swift */ = {isa = PBXFileReference; fileEncoding = 4; lastKnownFileType = sourcecode.swift; path = GraphCapsule.swift; sourceTree = "<group>"; };
		CDC446B52C072B5B00B39FFB /* HikeDetail.swift */ = {isa = PBXFileReference; fileEncoding = 4; lastKnownFileType = sourcecode.swift; path = HikeDetail.swift; sourceTree = "<group>"; };
		CDC446B62C072B5B00B39FFB /* HikeGraph.swift */ = {isa = PBXFileReference; fileEncoding = 4; lastKnownFileType = sourcecode.swift; path = HikeGraph.swift; sourceTree = "<group>"; };
		CDC446B72C072B5B00B39FFB /* HikeView.swift */ = {isa = PBXFileReference; fileEncoding = 4; lastKnownFileType = sourcecode.swift; path = HikeView.swift; sourceTree = "<group>"; };
/* End PBXFileReference section */

/* Begin PBXFrameworksBuildPhase section */
		CDA5E1F32C060842002F6510 /* Frameworks */ = {
			isa = PBXFrameworksBuildPhase;
			buildActionMask = 2147483647;
			files = (
			);
			runOnlyForDeploymentPostprocessing = 0;
		};
/* End PBXFrameworksBuildPhase section */

/* Begin PBXGroup section */
		CDA5E1ED2C060841002F6510 = {
			isa = PBXGroup;
			children = (
				CDA5E1F82C060842002F6510 /* Landmarks */,
				CDA5E1F72C060842002F6510 /* Products */,
			);
			sourceTree = "<group>";
		};
		CDA5E1F72C060842002F6510 /* Products */ = {
			isa = PBXGroup;
			children = (
				CDA5E1F62C060842002F6510 /* Landmarks.app */,
			);
			name = Products;
			sourceTree = "<group>";
		};
		CDA5E1F82C060842002F6510 /* Landmarks */ = {
			isa = PBXGroup;
			children = (
				CDA5E2132C06127C002F6510 /* View */,
				CDA5E2152C06128E002F6510 /* Model */,
				CDA5E2142C061285002F6510 /* Ressources */,
				CDA5E1F92C060842002F6510 /* LandmarksApp.swift */,
				CDA5E1FD2C060844002F6510 /* Assets.xcassets */,
				CDA5E1FF2C060844002F6510 /* Preview Content */,
			);
			path = Landmarks;
			sourceTree = "<group>";
		};
		CDA5E1FF2C060844002F6510 /* Preview Content */ = {
			isa = PBXGroup;
			children = (
				CDA5E2002C060844002F6510 /* Preview Assets.xcassets */,
			);
			path = "Preview Content";
			sourceTree = "<group>";
		};
		CDA5E2132C06127C002F6510 /* View */ = {
			isa = PBXGroup;
			children = (
				CDA5E1FB2C060842002F6510 /* ContentView.swift */,
				CDA5E21F2C0628AD002F6510 /* Landmarks */,
				CDA5E21E2C06289E002F6510 /* Helpers */,
				CDA5E2222C063055002F6510 /* Badges */,
				CDC446B82C072B5B00B39FFB /* Hikes */,
			);
			path = View;
			sourceTree = "<group>";
		};
		CDA5E2142C061285002F6510 /* Ressources */ = {
			isa = PBXGroup;
			children = (
				CDA5E20F2C061112002F6510 /* landmarkData.json */,
				CDC446B02C072AA700B39FFB /* hikeData.json */,
			);
			path = Ressources;
			sourceTree = "<group>";
		};
		CDA5E2152C06128E002F6510 /* Model */ = {
			isa = PBXGroup;
			children = (
				CDA5E2112C061264002F6510 /* ModelData.swift */,
				CDA5E20D2C0610F6002F6510 /* Landmark.swift */,
				CDC446B22C072AD700B39FFB /* Hike.swift */,
			);
			path = Model;
			sourceTree = "<group>";
		};
		CDA5E21E2C06289E002F6510 /* Helpers */ = {
			isa = PBXGroup;
			children = (
				CDA5E2072C060C56002F6510 /* CircleImage.swift */,
				CDA5E2092C060D95002F6510 /* MapView.swift */,
				CDA5E21C2C0627DD002F6510 /* FavoriteButton.swift */,
			);
			path = Helpers;
			sourceTree = "<group>";
		};
		CDA5E21F2C0628AD002F6510 /* Landmarks */ = {
			isa = PBXGroup;
			children = (
				CDA5E2182C061702002F6510 /* LandmarkList.swift */,
				CDA5E2162C06150F002F6510 /* LandmarkRow.swift */,
				CDA5E21A2C0617EB002F6510 /* LandmarkDetail.swift */,
			);
			path = Landmarks;
			sourceTree = "<group>";
		};
		CDA5E2222C063055002F6510 /* Badges */ = {
			isa = PBXGroup;
			children = (
				CDC446AE2C07276900B39FFB /* Badge.swift */,
				CDA5E2232C063075002F6510 /* BadgeBackground.swift */,
				CDC446AA2C07265000B39FFB /* BadgeSymbol.swift */,
				CDC446AC2C07271200B39FFB /* RotatedBadgeSymbol.swift */,
				CDA5E2202C062EA6002F6510 /* HexagonParameters.swift */,
			);
			path = Badges;
			sourceTree = "<group>";
		};
		CDC446B82C072B5B00B39FFB /* Hikes */ = {
			isa = PBXGroup;
			children = (
				CDC446B42C072B5B00B39FFB /* GraphCapsule.swift */,
				CDC446B52C072B5B00B39FFB /* HikeDetail.swift */,
				CDC446B62C072B5B00B39FFB /* HikeGraph.swift */,
				CDC446B72C072B5B00B39FFB /* HikeView.swift */,
			);
			path = Hikes;
			sourceTree = "<group>";
		};
/* End PBXGroup section */

/* Begin PBXNativeTarget section */
		CDA5E1F52C060842002F6510 /* Landmarks */ = {
			isa = PBXNativeTarget;
			buildConfigurationList = CDA5E2042C060844002F6510 /* Build configuration list for PBXNativeTarget "Landmarks" */;
			buildPhases = (
				CDA5E1F22C060842002F6510 /* Sources */,
				CDA5E1F32C060842002F6510 /* Frameworks */,
				CDA5E1F42C060842002F6510 /* Resources */,
			);
			buildRules = (
			);
			dependencies = (
			);
			name = Landmarks;
			productName = Landmarks;
			productReference = CDA5E1F62C060842002F6510 /* Landmarks.app */;
			productType = "com.apple.product-type.application";
		};
/* End PBXNativeTarget section */

/* Begin PBXProject section */
		CDA5E1EE2C060841002F6510 /* Project object */ = {
			isa = PBXProject;
			attributes = {
				BuildIndependentTargetsInParallel = 1;
				LastSwiftUpdateCheck = 1540;
				LastUpgradeCheck = 1540;
				TargetAttributes = {
					CDA5E1F52C060842002F6510 = {
						CreatedOnToolsVersion = 15.4;
					};
				};
			};
			buildConfigurationList = CDA5E1F12C060841002F6510 /* Build configuration list for PBXProject "Landmarks" */;
			compatibilityVersion = "Xcode 14.0";
			developmentRegion = en;
			hasScannedForEncodings = 0;
			knownRegions = (
				en,
				Base,
			);
			mainGroup = CDA5E1ED2C060841002F6510;
			productRefGroup = CDA5E1F72C060842002F6510 /* Products */;
			projectDirPath = "";
			projectRoot = "";
			targets = (
				CDA5E1F52C060842002F6510 /* Landmarks */,
			);
		};
/* End PBXProject section */

/* Begin PBXResourcesBuildPhase section */
		CDA5E1F42C060842002F6510 /* Resources */ = {
			isa = PBXResourcesBuildPhase;
			buildActionMask = 2147483647;
			files = (
				CDC446B12C072AA700B39FFB /* hikeData.json in Resources */,
				CDA5E2012C060844002F6510 /* Preview Assets.xcassets in Resources */,
				CDA5E2102C061112002F6510 /* landmarkData.json in Resources */,
				CDA5E1FE2C060844002F6510 /* Assets.xcassets in Resources */,
			);
			runOnlyForDeploymentPostprocessing = 0;
		};
/* End PBXResourcesBuildPhase section */

/* Begin PBXSourcesBuildPhase section */
		CDA5E1F22C060842002F6510 /* Sources */ = {
			isa = PBXSourcesBuildPhase;
			buildActionMask = 2147483647;
			files = (
				CDA5E1FC2C060842002F6510 /* ContentView.swift in Sources */,
				CDC446AF2C07276900B39FFB /* Badge.swift in Sources */,
				CDA5E20A2C060D95002F6510 /* MapView.swift in Sources */,
				CDC446B92C072B5B00B39FFB /* GraphCapsule.swift in Sources */,
				CDC446BB2C072B5B00B39FFB /* HikeGraph.swift in Sources */,
				CDA5E1FA2C060842002F6510 /* LandmarksApp.swift in Sources */,
				CDA5E21D2C0627DD002F6510 /* FavoriteButton.swift in Sources */,
				CDA5E2212C062EA6002F6510 /* HexagonParameters.swift in Sources */,
				CDC446B32C072AD700B39FFB /* Hike.swift in Sources */,
				CDC446AD2C07271200B39FFB /* RotatedBadgeSymbol.swift in Sources */,
				CDC446AB2C07265000B39FFB /* BadgeSymbol.swift in Sources */,
				CDA5E2192C061702002F6510 /* LandmarkList.swift in Sources */,
				CDC446BA2C072B5B00B39FFB /* HikeDetail.swift in Sources */,
				CDC446BC2C072B5B00B39FFB /* HikeView.swift in Sources */,
				CDA5E21B2C0617EB002F6510 /* LandmarkDetail.swift in Sources */,
				CDA5E2242C063075002F6510 /* BadgeBackground.swift in Sources */,
				CDA5E2082C060C56002F6510 /* CircleImage.swift in Sources */,
				CDA5E20E2C0610F6002F6510 /* Landmark.swift in Sources */,
				CDA5E2172C06150F002F6510 /* LandmarkRow.swift in Sources */,
				CDA5E2122C061264002F6510 /* ModelData.swift in Sources */,
			);
			runOnlyForDeploymentPostprocessing = 0;
		};
/* End PBXSourcesBuildPhase section */

/* Begin XCBuildConfiguration section */
		CDA5E2022C060844002F6510 /* Debug */ = {
			isa = XCBuildConfiguration;
			buildSettings = {
				ALWAYS_SEARCH_USER_PATHS = NO;
				ASSETCATALOG_COMPILER_GENERATE_SWIFT_ASSET_SYMBOL_EXTENSIONS = YES;
				CLANG_ANALYZER_NONNULL = YES;
				CLANG_ANALYZER_NUMBER_OBJECT_CONVERSION = YES_AGGRESSIVE;
				CLANG_CXX_LANGUAGE_STANDARD = "gnu++20";
				CLANG_ENABLE_MODULES = YES;
				CLANG_ENABLE_OBJC_ARC = YES;
				CLANG_ENABLE_OBJC_WEAK = YES;
				CLANG_WARN_BLOCK_CAPTURE_AUTORELEASING = YES;
				CLANG_WARN_BOOL_CONVERSION = YES;
				CLANG_WARN_COMMA = YES;
				CLANG_WARN_CONSTANT_CONVERSION = YES;
				CLANG_WARN_DEPRECATED_OBJC_IMPLEMENTATIONS = YES;
				CLANG_WARN_DIRECT_OBJC_ISA_USAGE = YES_ERROR;
				CLANG_WARN_DOCUMENTATION_COMMENTS = YES;
				CLANG_WARN_EMPTY_BODY = YES;
				CLANG_WARN_ENUM_CONVERSION = YES;
				CLANG_WARN_INFINITE_RECURSION = YES;
				CLANG_WARN_INT_CONVERSION = YES;
				CLANG_WARN_NON_LITERAL_NULL_CONVERSION = YES;
				CLANG_WARN_OBJC_IMPLICIT_RETAIN_SELF = YES;
				CLANG_WARN_OBJC_LITERAL_CONVERSION = YES;
				CLANG_WARN_OBJC_ROOT_CLASS = YES_ERROR;
				CLANG_WARN_QUOTED_INCLUDE_IN_FRAMEWORK_HEADER = YES;
				CLANG_WARN_RANGE_LOOP_ANALYSIS = YES;
				CLANG_WARN_STRICT_PROTOTYPES = YES;
				CLANG_WARN_SUSPICIOUS_MOVE = YES;
				CLANG_WARN_UNGUARDED_AVAILABILITY = YES_AGGRESSIVE;
				CLANG_WARN_UNREACHABLE_CODE = YES;
				CLANG_WARN__DUPLICATE_METHOD_MATCH = YES;
				COPY_PHASE_STRIP = NO;
				DEBUG_INFORMATION_FORMAT = dwarf;
				ENABLE_STRICT_OBJC_MSGSEND = YES;
				ENABLE_TESTABILITY = YES;
				ENABLE_USER_SCRIPT_SANDBOXING = YES;
				GCC_C_LANGUAGE_STANDARD = gnu17;
				GCC_DYNAMIC_NO_PIC = NO;
				GCC_NO_COMMON_BLOCKS = YES;
				GCC_OPTIMIZATION_LEVEL = 0;
				GCC_PREPROCESSOR_DEFINITIONS = (
					"DEBUG=1",
					"$(inherited)",
				);
				GCC_WARN_64_TO_32_BIT_CONVERSION = YES;
				GCC_WARN_ABOUT_RETURN_TYPE = YES_ERROR;
				GCC_WARN_UNDECLARED_SELECTOR = YES;
				GCC_WARN_UNINITIALIZED_AUTOS = YES_AGGRESSIVE;
				GCC_WARN_UNUSED_FUNCTION = YES;
				GCC_WARN_UNUSED_VARIABLE = YES;
				IPHONEOS_DEPLOYMENT_TARGET = 17.5;
				LOCALIZATION_PREFERS_STRING_CATALOGS = YES;
				MTL_ENABLE_DEBUG_INFO = INCLUDE_SOURCE;
				MTL_FAST_MATH = YES;
				ONLY_ACTIVE_ARCH = YES;
				SDKROOT = iphoneos;
				SWIFT_ACTIVE_COMPILATION_CONDITIONS = "DEBUG $(inherited)";
				SWIFT_OPTIMIZATION_LEVEL = "-Onone";
			};
			name = Debug;
		};
		CDA5E2032C060844002F6510 /* Release */ = {
			isa = XCBuildConfiguration;
			buildSettings = {
				ALWAYS_SEARCH_USER_PATHS = NO;
				ASSETCATALOG_COMPILER_GENERATE_SWIFT_ASSET_SYMBOL_EXTENSIONS = YES;
				CLANG_ANALYZER_NONNULL = YES;
				CLANG_ANALYZER_NUMBER_OBJECT_CONVERSION = YES_AGGRESSIVE;
				CLANG_CXX_LANGUAGE_STANDARD = "gnu++20";
				CLANG_ENABLE_MODULES = YES;
				CLANG_ENABLE_OBJC_ARC = YES;
				CLANG_ENABLE_OBJC_WEAK = YES;
				CLANG_WARN_BLOCK_CAPTURE_AUTORELEASING = YES;
				CLANG_WARN_BOOL_CONVERSION = YES;
				CLANG_WARN_COMMA = YES;
				CLANG_WARN_CONSTANT_CONVERSION = YES;
				CLANG_WARN_DEPRECATED_OBJC_IMPLEMENTATIONS = YES;
				CLANG_WARN_DIRECT_OBJC_ISA_USAGE = YES_ERROR;
				CLANG_WARN_DOCUMENTATION_COMMENTS = YES;
				CLANG_WARN_EMPTY_BODY = YES;
				CLANG_WARN_ENUM_CONVERSION = YES;
				CLANG_WARN_INFINITE_RECURSION = YES;
				CLANG_WARN_INT_CONVERSION = YES;
				CLANG_WARN_NON_LITERAL_NULL_CONVERSION = YES;
				CLANG_WARN_OBJC_IMPLICIT_RETAIN_SELF = YES;
				CLANG_WARN_OBJC_LITERAL_CONVERSION = YES;
				CLANG_WARN_OBJC_ROOT_CLASS = YES_ERROR;
				CLANG_WARN_QUOTED_INCLUDE_IN_FRAMEWORK_HEADER = YES;
				CLANG_WARN_RANGE_LOOP_ANALYSIS = YES;
				CLANG_WARN_STRICT_PROTOTYPES = YES;
				CLANG_WARN_SUSPICIOUS_MOVE = YES;
				CLANG_WARN_UNGUARDED_AVAILABILITY = YES_AGGRESSIVE;
				CLANG_WARN_UNREACHABLE_CODE = YES;
				CLANG_WARN__DUPLICATE_METHOD_MATCH = YES;
				COPY_PHASE_STRIP = NO;
				DEBUG_INFORMATION_FORMAT = "dwarf-with-dsym";
				ENABLE_NS_ASSERTIONS = NO;
				ENABLE_STRICT_OBJC_MSGSEND = YES;
				ENABLE_USER_SCRIPT_SANDBOXING = YES;
				GCC_C_LANGUAGE_STANDARD = gnu17;
				GCC_NO_COMMON_BLOCKS = YES;
				GCC_WARN_64_TO_32_BIT_CONVERSION = YES;
				GCC_WARN_ABOUT_RETURN_TYPE = YES_ERROR;
				GCC_WARN_UNDECLARED_SELECTOR = YES;
				GCC_WARN_UNINITIALIZED_AUTOS = YES_AGGRESSIVE;
				GCC_WARN_UNUSED_FUNCTION = YES;
				GCC_WARN_UNUSED_VARIABLE = YES;
				IPHONEOS_DEPLOYMENT_TARGET = 17.5;
				LOCALIZATION_PREFERS_STRING_CATALOGS = YES;
				MTL_ENABLE_DEBUG_INFO = NO;
				MTL_FAST_MATH = YES;
				SDKROOT = iphoneos;
				SWIFT_COMPILATION_MODE = wholemodule;
				VALIDATE_PRODUCT = YES;
			};
			name = Release;
		};
		CDA5E2052C060844002F6510 /* Debug */ = {
			isa = XCBuildConfiguration;
			buildSettings = {
				ASSETCATALOG_COMPILER_APPICON_NAME = AppIcon;
				ASSETCATALOG_COMPILER_GLOBAL_ACCENT_COLOR_NAME = AccentColor;
				CODE_SIGN_STYLE = Automatic;
				CURRENT_PROJECT_VERSION = 1;
				DEVELOPMENT_ASSET_PATHS = "\"Landmarks/Preview Content\"";
				DEVELOPMENT_TEAM = 58T4MPFSJ3;
				ENABLE_PREVIEWS = YES;
				GENERATE_INFOPLIST_FILE = YES;
				INFOPLIST_KEY_UIApplicationSceneManifest_Generation = YES;
				INFOPLIST_KEY_UIApplicationSupportsIndirectInputEvents = YES;
				INFOPLIST_KEY_UILaunchScreen_Generation = YES;
				INFOPLIST_KEY_UISupportedInterfaceOrientations_iPad = "UIInterfaceOrientationPortrait UIInterfaceOrientationPortraitUpsideDown UIInterfaceOrientationLandscapeLeft UIInterfaceOrientationLandscapeRight";
				INFOPLIST_KEY_UISupportedInterfaceOrientations_iPhone = "UIInterfaceOrientationPortrait UIInterfaceOrientationLandscapeLeft UIInterfaceOrientationLandscapeRight";
				LD_RUNPATH_SEARCH_PATHS = (
					"$(inherited)",
					"@executable_path/Frameworks",
				);
				MARKETING_VERSION = 1.0;
				PRODUCT_BUNDLE_IDENTIFIER = com.klin.tutoproject.Landmarks;
				PRODUCT_NAME = "$(TARGET_NAME)";
				SWIFT_EMIT_LOC_STRINGS = YES;
				SWIFT_VERSION = 5.0;
				TARGETED_DEVICE_FAMILY = "1,2";
			};
			name = Debug;
		};
		CDA5E2062C060844002F6510 /* Release */ = {
			isa = XCBuildConfiguration;
			buildSettings = {
				ASSETCATALOG_COMPILER_APPICON_NAME = AppIcon;
				ASSETCATALOG_COMPILER_GLOBAL_ACCENT_COLOR_NAME = AccentColor;
				CODE_SIGN_STYLE = Automatic;
				CURRENT_PROJECT_VERSION = 1;
				DEVELOPMENT_ASSET_PATHS = "\"Landmarks/Preview Content\"";
				DEVELOPMENT_TEAM = 58T4MPFSJ3;
				ENABLE_PREVIEWS = YES;
				GENERATE_INFOPLIST_FILE = YES;
				INFOPLIST_KEY_UIApplicationSceneManifest_Generation = YES;
				INFOPLIST_KEY_UIApplicationSupportsIndirectInputEvents = YES;
				INFOPLIST_KEY_UILaunchScreen_Generation = YES;
				INFOPLIST_KEY_UISupportedInterfaceOrientations_iPad = "UIInterfaceOrientationPortrait UIInterfaceOrientationPortraitUpsideDown UIInterfaceOrientationLandscapeLeft UIInterfaceOrientationLandscapeRight";
				INFOPLIST_KEY_UISupportedInterfaceOrientations_iPhone = "UIInterfaceOrientationPortrait UIInterfaceOrientationLandscapeLeft UIInterfaceOrientationLandscapeRight";
				LD_RUNPATH_SEARCH_PATHS = (
					"$(inherited)",
					"@executable_path/Frameworks",
				);
				MARKETING_VERSION = 1.0;
				PRODUCT_BUNDLE_IDENTIFIER = com.klin.tutoproject.Landmarks;
				PRODUCT_NAME = "$(TARGET_NAME)";
				SWIFT_EMIT_LOC_STRINGS = YES;
				SWIFT_VERSION = 5.0;
				TARGETED_DEVICE_FAMILY = "1,2";
			};
			name = Release;
		};
/* End XCBuildConfiguration section */

/* Begin XCConfigurationList section */
		CDA5E1F12C060841002F6510 /* Build configuration list for PBXProject "Landmarks" */ = {
			isa = XCConfigurationList;
			buildConfigurations = (
				CDA5E2022C060844002F6510 /* Debug */,
				CDA5E2032C060844002F6510 /* Release */,
			);
			defaultConfigurationIsVisible = 0;
			defaultConfigurationName = Release;
		};
		CDA5E2042C060844002F6510 /* Build configuration list for PBXNativeTarget "Landmarks" */ = {
			isa = XCConfigurationList;
			buildConfigurations = (
				CDA5E2052C060844002F6510 /* Debug */,
				CDA5E2062C060844002F6510 /* Release */,
			);
			defaultConfigurationIsVisible = 0;
			defaultConfigurationName = Release;
		};
/* End XCConfigurationList section */
	};
	rootObject = CDA5E1EE2C060841002F6510 /* Project object */;
}
